
Microsoft Visual Studio Solution File, Format Version 12.00
# Visual Studio Version 17
VisualStudioVersion = 17.10.35027.167
MinimumVisualStudioVersion = 10.0.40219.1
Project("{2150E333-8FDC-42A3-9474-1A3956D46DE8}") = "src", "src", "{5BA0ABDB-8984-4F12-B41B-01B6877303CB}"
EndProject
Project("{9A19103F-16F7-4668-BE54-9A1E7A4F7556}") = "MapperBenchmarks", "src\MapperBenchmarks.csproj", "{933CF0D9-1B63-4723-BF27-E28BBA0E3DEC}"
EndProject
Global
	GlobalSection(SolutionConfigurationPlatforms) = preSolution
		Debug|Any CPU = Debug|Any CPU
		Release|Any CPU = Release|Any CPU
	EndGlobalSection
	GlobalSection(ProjectConfigurationPlatforms) = postSolution
		{933CF0D9-1B63-4723-BF27-E28BBA0E3DEC}.Debug|Any CPU.ActiveCfg = Debug|Any CPU
		{933CF0D9-1B63-4723-BF27-E28BBA0E3DEC}.Debug|Any CPU.Build.0 = Debug|Any CPU
		{933CF0D9-1B63-4723-BF27-E28BBA0E3DEC}.Release|Any CPU.ActiveCfg = Release|Any CPU
		{933CF0D9-1B63-4723-BF27-E28BBA0E3DEC}.Release|Any CPU.Build.0 = Release|Any CPU
	EndGlobalSection
	GlobalSection(SolutionProperties) = preSolution
		HideSolutionNode = FALSE
	EndGlobalSection
	GlobalSection(NestedProjects) = preSolution
		{933CF0D9-1B63-4723-BF27-E28BBA0E3DEC} = {5BA0ABDB-8984-4F12-B41B-01B6877303CB}
	EndGlobalSection
	GlobalSection(ExtensibilityGlobals) = postSolution
		SolutionGuid = {18D50951-1FED-4D79-902C-0E117879F104}
	EndGlobalSection
EndGlobal
